
Microsoft Visual Studio Solution File, Format Version 12.00
# Visual Studio 15
VisualStudioVersion = 15.0.27130.2024
MinimumVisualStudioVersion = 10.0.40219.1
Project("{FAE04EC0-301F-11D3-BF4B-00C04F79EFBC}") = "Lab1", "Lab1\Lab1.csproj", "{C2485A10-5287-42C4-851C-AA1D0117F69D}"
EndProject
Global
	GlobalSection(SolutionConfigurationPlatforms) = preSolution
		Debug|Any CPU = Debug|Any CPU
		Release|Any CPU = Release|Any CPU
	EndGlobalSection
	GlobalSection(ProjectConfigurationPlatforms) = postSolution
		{C2485A10-5287-42C4-851C-AA1D0117F69D}.Debug|Any CPU.ActiveCfg = Debug|Any CPU
		{C2485A10-5287-42C4-851C-AA1D0117F69D}.Debug|Any CPU.Build.0 = Debug|Any CPU
		{C2485A10-5287-42C4-851C-AA1D0117F69D}.Release|Any CPU.ActiveCfg = Release|Any CPU
		{C2485A10-5287-42C4-851C-AA1D0117F69D}.Release|Any CPU.Build.0 = Release|Any CPU
	EndGlobalSection
	GlobalSection(SolutionProperties) = preSolution
		HideSolutionNode = FALSE
	EndGlobalSection
	GlobalSection(ExtensibilityGlobals) = postSolution
		SolutionGuid = {98852AEB-8FB1-409B-9D4D-13801439E92D}
	EndGlobalSection
EndGlobal
